
Microsoft Visual Studio Solution File, Format Version 12.00
# Visual Studio 2013
VisualStudioVersion = 12.0.21005.1
MinimumVisualStudioVersion = 10.0.40219.1
Project("{FAE04EC0-301F-11D3-BF4B-00C04F79EFBC}") = "BooksWCFServiceLib", "BooksWCFServiceLib\BooksWCFServiceLib.csproj", "{21000D57-7F9A-4CB6-B16D-AD210ED9E15B}"
EndProject
Project("{FAE04EC0-301F-11D3-BF4B-00C04F79EFBC}") = "BookClient", "BookClient\BookClient.csproj", "{351BFC5B-BD64-4D6C-B95A-6712AC2508F1}"
EndProject
Project("{FAE04EC0-301F-11D3-BF4B-00C04F79EFBC}") = "SearchClient", "SearchClient\SearchClient.csproj", "{6700D36E-E77A-4B69-9496-64A54AC955FF}"
EndProject
Global
	GlobalSection(SolutionConfigurationPlatforms) = preSolution
		Debug|Any CPU = Debug|Any CPU
		Release|Any CPU = Release|Any CPU
	EndGlobalSection
	GlobalSection(ProjectConfigurationPlatforms) = postSolution
		{21000D57-7F9A-4CB6-B16D-AD210ED9E15B}.Debug|Any CPU.ActiveCfg = Debug|Any CPU
		{21000D57-7F9A-4CB6-B16D-AD210ED9E15B}.Debug|Any CPU.Build.0 = Debug|Any CPU
		{21000D57-7F9A-4CB6-B16D-AD210ED9E15B}.Release|Any CPU.ActiveCfg = Release|Any CPU
		{21000D57-7F9A-4CB6-B16D-AD210ED9E15B}.Release|Any CPU.Build.0 = Release|Any CPU
		{351BFC5B-BD64-4D6C-B95A-6712AC2508F1}.Debug|Any CPU.ActiveCfg = Debug|Any CPU
		{351BFC5B-BD64-4D6C-B95A-6712AC2508F1}.Debug|Any CPU.Build.0 = Debug|Any CPU
		{351BFC5B-BD64-4D6C-B95A-6712AC2508F1}.Release|Any CPU.ActiveCfg = Release|Any CPU
		{351BFC5B-BD64-4D6C-B95A-6712AC2508F1}.Release|Any CPU.Build.0 = Release|Any CPU
		{6700D36E-E77A-4B69-9496-64A54AC955FF}.Debug|Any CPU.ActiveCfg = Debug|Any CPU
		{6700D36E-E77A-4B69-9496-64A54AC955FF}.Debug|Any CPU.Build.0 = Debug|Any CPU
		{6700D36E-E77A-4B69-9496-64A54AC955FF}.Release|Any CPU.ActiveCfg = Release|Any CPU
		{6700D36E-E77A-4B69-9496-64A54AC955FF}.Release|Any CPU.Build.0 = Release|Any CPU
	EndGlobalSection
	GlobalSection(SolutionProperties) = preSolution
		HideSolutionNode = FALSE
	EndGlobalSection
EndGlobal
